// !$*UTF8*$!
{
	archiveVersion = 1;
	classes = {
	};
	objectVersion = 46;
	objects = {

/* Begin PBXFileReference section */
		AD29D05218F2931B00455E00 /* test21.py */ = {isa = PBXFileReference; fileEncoding = 4; lastKnownFileType = text.script.python; path = test21.py; sourceTree = "<group>"; };
		ADA01EFB18E92C9C00D95BB3 /* test10.py */ = {isa = PBXFileReference; fileEncoding = 4; lastKnownFileType = text.script.python; path = test10.py; sourceTree = "<group>"; };
		ADA01EFC18E93DA700D95BB3 /* test11.py */ = {isa = PBXFileReference; fileEncoding = 4; lastKnownFileType = text.script.python; path = test11.py; sourceTree = "<group>"; };
		ADA01EFD18E953DE00D95BB3 /* test12.py */ = {isa = PBXFileReference; fileEncoding = 4; lastKnownFileType = text.script.python; path = test12.py; sourceTree = "<group>"; };
		ADA0543F18E06B2F000C28A7 /* test07.py */ = {isa = PBXFileReference; fileEncoding = 4; lastKnownFileType = text.script.python; path = test07.py; sourceTree = "<group>"; };
		ADA0544018E06B2F000C28A7 /* test08.py */ = {isa = PBXFileReference; fileEncoding = 4; lastKnownFileType = text.script.python; path = test08.py; sourceTree = "<group>"; };
		ADA0544118E06B2F000C28A7 /* test09.py */ = {isa = PBXFileReference; fileEncoding = 4; lastKnownFileType = text.script.python; path = test09.py; sourceTree = "<group>"; };
		ADA0544318E06B2F000C28A7 /* import.py */ = {isa = PBXFileReference; fileEncoding = 4; lastKnownFileType = text.script.python; path = import.py; sourceTree = "<group>"; };
		ADA0E47A18EABA54001C8F96 /* test13.py */ = {isa = PBXFileReference; fileEncoding = 4; lastKnownFileType = text.script.python; path = test13.py; sourceTree = "<group>"; };
		ADA0E47B18EAC7DA001C8F96 /* test14.py */ = {isa = PBXFileReference; fileEncoding = 4; lastKnownFileType = text.script.python; path = test14.py; sourceTree = "<group>"; };
		ADA0E47C18EACDCD001C8F96 /* test15.py */ = {isa = PBXFileReference; fileEncoding = 4; lastKnownFileType = text.script.python; path = test15.py; sourceTree = "<group>"; };
		ADA0E47D18EAE0F3001C8F96 /* test16.py */ = {isa = PBXFileReference; fileEncoding = 4; lastKnownFileType = text.script.python; path = test16.py; sourceTree = "<group>"; };
		ADA0E47E18EAE3FD001C8F96 /* test17.py */ = {isa = PBXFileReference; fileEncoding = 4; lastKnownFileType = text.script.python; path = test17.py; sourceTree = "<group>"; };
		ADA1B70718D6D943000E39E6 /* text05.py */ = {isa = PBXFileReference; fileEncoding = 4; lastKnownFileType = text.script.python; path = text05.py; sourceTree = "<group>"; };
		ADA1B70818D6E457000E39E6 /* test06.py */ = {isa = PBXFileReference; fileEncoding = 4; lastKnownFileType = text.script.python; path = test06.py; sourceTree = "<group>"; };
		ADBFAB0A18F26C8F00315DF3 /* test18.py */ = {isa = PBXFileReference; fileEncoding = 4; lastKnownFileType = text.script.python; path = test18.py; sourceTree = "<group>"; };
		ADBFAB0B18F2814F00315DF3 /* test19.py */ = {isa = PBXFileReference; fileEncoding = 4; lastKnownFileType = text.script.python; path = test19.py; sourceTree = "<group>"; };
		ADBFAB0C18F2884F00315DF3 /* test20.py */ = {isa = PBXFileReference; fileEncoding = 4; lastKnownFileType = text.script.python; path = test20.py; sourceTree = "<group>"; };
		ADDA581F18D6C880003B1E10 /* test.py */ = {isa = PBXFileReference; fileEncoding = 4; lastKnownFileType = text.script.python; path = test.py; sourceTree = "<group>"; };
		ADDA582018D6D10B003B1E10 /* test04.py */ = {isa = PBXFileReference; fileEncoding = 4; lastKnownFileType = text.script.python; path = test04.py; sourceTree = "<group>"; };
/* End PBXFileReference section */

/* Begin PBXGroup section */
		ADDA581418D6C7D8003B1E10 = {
			isa = PBXGroup;
			children = (
				ADA0544318E06B2F000C28A7 /* import.py */,
				ADDA581F18D6C880003B1E10 /* test.py */,
				ADDA582018D6D10B003B1E10 /* test04.py */,
				ADA1B70718D6D943000E39E6 /* text05.py */,
				ADA1B70818D6E457000E39E6 /* test06.py */,
				ADA0543F18E06B2F000C28A7 /* test07.py */,
				ADA0544018E06B2F000C28A7 /* test08.py */,
				ADA0544118E06B2F000C28A7 /* test09.py */,
				ADA01EFB18E92C9C00D95BB3 /* test10.py */,
				ADA01EFC18E93DA700D95BB3 /* test11.py */,
				ADA01EFD18E953DE00D95BB3 /* test12.py */,
				ADA0E47A18EABA54001C8F96 /* test13.py */,
				ADBFAB0A18F26C8F00315DF3 /* test18.py */,
				ADBFAB0C18F2884F00315DF3 /* test20.py */,
				AD29D05218F2931B00455E00 /* test21.py */,
				ADBFAB0B18F2814F00315DF3 /* test19.py */,
				ADA0E47B18EAC7DA001C8F96 /* test14.py */,
				ADA0E47C18EACDCD001C8F96 /* test15.py */,
				ADA0E47D18EAE0F3001C8F96 /* test16.py */,
				ADA0E47E18EAE3FD001C8F96 /* test17.py */,
			);
			sourceTree = "<group>";
		};
/* End PBXGroup section */

/* Begin PBXLegacyTarget section */
		ADDA581918D6C7D8003B1E10 /* python */ = {
			isa = PBXLegacyTarget;
			buildArgumentsString = "$(ACTION)";
			buildConfigurationList = ADDA581C18D6C7D8003B1E10 /* Build configuration list for PBXLegacyTarget "python" */;
			buildPhases = (
			);
			buildToolPath = /Library/Frameworks/Python.framework/Versions/2.7/bin/python;
			buildWorkingDirectory = "";
			dependencies = (
			);
			name = python;
			passBuildSettingsInEnvironment = 1;
			productName = python;
		};
/* End PBXLegacyTarget section */

/* Begin PBXProject section */
		ADDA581518D6C7D8003B1E10 /* Project object */ = {
			isa = PBXProject;
			attributes = {
				LastUpgradeCheck = 0510;
				ORGANIZATIONNAME = "류웅국";
			};
			buildConfigurationList = ADDA581818D6C7D8003B1E10 /* Build configuration list for PBXProject "python" */;
			compatibilityVersion = "Xcode 3.2";
			developmentRegion = English;
			hasScannedForEncodings = 0;
			knownRegions = (
				en,
			);
			mainGroup = ADDA581418D6C7D8003B1E10;
			projectDirPath = "";
			projectRoot = "";
			targets = (
				ADDA581918D6C7D8003B1E10 /* python */,
			);
		};
/* End PBXProject section */

/* Begin XCBuildConfiguration section */
		ADDA581A18D6C7D8003B1E10 /* Debug */ = {
			isa = XCBuildConfiguration;
			buildSettings = {
				ALWAYS_SEARCH_USER_PATHS = NO;
				CLANG_CXX_LANGUAGE_STANDARD = "gnu++0x";
				CLANG_CXX_LIBRARY = "libc++";
				CLANG_ENABLE_MODULES = YES;
				CLANG_ENABLE_OBJC_ARC = YES;
				CLANG_WARN_BOOL_CONVERSION = YES;
				CLANG_WARN_CONSTANT_CONVERSION = YES;
				CLANG_WARN_DIRECT_OBJC_ISA_USAGE = YES_ERROR;
				CLANG_WARN_EMPTY_BODY = YES;
				CLANG_WARN_ENUM_CONVERSION = YES;
				CLANG_WARN_INT_CONVERSION = YES;
				CLANG_WARN_OBJC_ROOT_CLASS = YES_ERROR;
				CLANG_WARN__DUPLICATE_METHOD_MATCH = YES;
				COPY_PHASE_STRIP = NO;
				GCC_C_LANGUAGE_STANDARD = gnu99;
				GCC_DYNAMIC_NO_PIC = NO;
				GCC_ENABLE_OBJC_EXCEPTIONS = YES;
				GCC_OPTIMIZATION_LEVEL = 0;
				GCC_PREPROCESSOR_DEFINITIONS = (
					"DEBUG=1",
					"$(inherited)",
				);
				GCC_SYMBOLS_PRIVATE_EXTERN = NO;
				GCC_WARN_64_TO_32_BIT_CONVERSION = YES;
				GCC_WARN_ABOUT_RETURN_TYPE = YES_ERROR;
				GCC_WARN_UNDECLARED_SELECTOR = YES;
				GCC_WARN_UNINITIALIZED_AUTOS = YES_AGGRESSIVE;
				GCC_WARN_UNUSED_FUNCTION = YES;
				GCC_WARN_UNUSED_VARIABLE = YES;
				MACOSX_DEPLOYMENT_TARGET = 10.9;
				ONLY_ACTIVE_ARCH = YES;
				SDKROOT = macosx;
			};
			name = Debug;
		};
		ADDA581B18D6C7D8003B1E10 /* Release */ = {
			isa = XCBuildConfiguration;
			buildSettings = {
				ALWAYS_SEARCH_USER_PATHS = NO;
				CLANG_CXX_LANGUAGE_STANDARD = "gnu++0x";
				CLANG_CXX_LIBRARY = "libc++";
				CLANG_ENABLE_MODULES = YES;
				CLANG_ENABLE_OBJC_ARC = YES;
				CLANG_WARN_BOOL_CONVERSION = YES;
				CLANG_WARN_CONSTANT_CONVERSION = YES;
				CLANG_WARN_DIRECT_OBJC_ISA_USAGE = YES_ERROR;
				CLANG_WARN_EMPTY_BODY = YES;
				CLANG_WARN_ENUM_CONVERSION = YES;
				CLANG_WARN_INT_CONVERSION = YES;
				CLANG_WARN_OBJC_ROOT_CLASS = YES_ERROR;
				CLANG_WARN__DUPLICATE_METHOD_MATCH = YES;
				COPY_PHASE_STRIP = YES;
				DEBUG_INFORMATION_FORMAT = "dwarf-with-dsym";
				ENABLE_NS_ASSERTIONS = NO;
				GCC_C_LANGUAGE_STANDARD = gnu99;
				GCC_ENABLE_OBJC_EXCEPTIONS = YES;
				GCC_WARN_64_TO_32_BIT_CONVERSION = YES;
				GCC_WARN_ABOUT_RETURN_TYPE = YES_ERROR;
				GCC_WARN_UNDECLARED_SELECTOR = YES;
				GCC_WARN_UNINITIALIZED_AUTOS = YES_AGGRESSIVE;
				GCC_WARN_UNUSED_FUNCTION = YES;
				GCC_WARN_UNUSED_VARIABLE = YES;
				MACOSX_DEPLOYMENT_TARGET = 10.9;
				SDKROOT = macosx;
			};
			name = Release;
		};
		ADDA581D18D6C7D8003B1E10 /* Debug */ = {
			isa = XCBuildConfiguration;
			buildSettings = {
				DEBUGGING_SYMBOLS = YES;
				GCC_GENERATE_DEBUGGING_SYMBOLS = YES;
				GCC_OPTIMIZATION_LEVEL = 0;
				OTHER_CFLAGS = "";
				OTHER_LDFLAGS = "";
				PRODUCT_NAME = "$(TARGET_NAME)";
			};
			name = Debug;
		};
		ADDA581E18D6C7D8003B1E10 /* Release */ = {
			isa = XCBuildConfiguration;
			buildSettings = {
				OTHER_CFLAGS = "";
				OTHER_LDFLAGS = "";
				PRODUCT_NAME = "$(TARGET_NAME)";
			};
			name = Release;
		};
/* End XCBuildConfiguration section */

/* Begin XCConfigurationList section */
		ADDA581818D6C7D8003B1E10 /* Build configuration list for PBXProject "python" */ = {
			isa = XCConfigurationList;
			buildConfigurations = (
				ADDA581A18D6C7D8003B1E10 /* Debug */,
				ADDA581B18D6C7D8003B1E10 /* Release */,
			);
			defaultConfigurationIsVisible = 0;
			defaultConfigurationName = Release;
		};
		ADDA581C18D6C7D8003B1E10 /* Build configuration list for PBXLegacyTarget "python" */ = {
			isa = XCConfigurationList;
			buildConfigurations = (
				ADDA581D18D6C7D8003B1E10 /* Debug */,
				ADDA581E18D6C7D8003B1E10 /* Release */,
			);
			defaultConfigurationIsVisible = 0;
			defaultConfigurationName = Release;
		};
/* End XCConfigurationList section */
	};
	rootObject = ADDA581518D6C7D8003B1E10 /* Project object */;
}
